// !$*UTF8*$!
{
	archiveVersion = 1;
	classes = {
	};
	objectVersion = 77;
	objects = {

/* Begin PBXBuildFile section */
		B93EA383549F0F75BC35BF80 /* EverywhereCore in Frameworks */ = {isa = PBXBuildFile; productRef = 34BEB8398CA45C4A20EC5AEC /* EverywhereCore */; };
		CB1BEA6A2FB3404400CD736B /* CodeEditSourceEditor in Frameworks */ = {isa = PBXBuildFile; productRef = CB1BEA692FB3404400CD736B /* CodeEditSourceEditor */; };
		CBF1F7BF2FB3163E00D91BE7 /* NetworkExtension.framework in Frameworks */ = {isa = PBXBuildFile; fileRef = CBF1F7BE2FB3163E00D91BE7 /* NetworkExtension.framework */; };
		CBF1F7C72FB3163E00D91BE7 /* EverywhereNE.appex in Embed Foundation Extensions */ = {isa = PBXBuildFile; fileRef = CBF1F7BC2FB3163E00D91BE7 /* EverywhereNE.appex */; settings = {ATTRIBUTES = (RemoveHeadersOnCopy, ); }; };
		D46E211EFE1A5B33A02A1FB8 /* libresolv.tbd in Frameworks */ = {isa = PBXBuildFile; fileRef = BCB3DC7EF6593BF3DF279D76 /* libresolv.tbd */; };
		E0AF6A44647E41D5A1B31569 /* libresolv.tbd in Frameworks */ = {isa = PBXBuildFile; fileRef = BCB3DC7EF6593BF3DF279D76 /* libresolv.tbd */; };
		F9357A5FBB147A31AFCA9C4C /* zashboard in Resources */ = {isa = PBXBuildFile; fileRef = B1092611A99F67CD51BC0432 /* zashboard */; };
		FB4F74E34BCB09FD5F92C36D /* EverywhereCore in Frameworks */ = {isa = PBXBuildFile; productRef = B9633A3ACB68B3AB05BDBF77 /* EverywhereCore */; };
/* End PBXBuildFile section */

/* Begin PBXContainerItemProxy section */
		CBF1F7C52FB3163E00D91BE7 /* PBXContainerItemProxy */ = {
			isa = PBXContainerItemProxy;
			containerPortal = CBF1F7A22FB3161C00D91BE7 /* Project object */;
			proxyType = 1;
			remoteGlobalIDString = CBF1F7BB2FB3163E00D91BE7;
			remoteInfo = EverywhereNE;
		};
/* End PBXContainerItemProxy section */

/* Begin PBXCopyFilesBuildPhase section */
		CBF1F7CC2FB3163E00D91BE7 /* Embed Foundation Extensions */ = {
			isa = PBXCopyFilesBuildPhase;
			buildActionMask = 2147483647;
			dstPath = "";
			dstSubfolderSpec = 13;
			files = (
				CBF1F7C72FB3163E00D91BE7 /* EverywhereNE.appex in Embed Foundation Extensions */,
			);
			name = "Embed Foundation Extensions";
			runOnlyForDeploymentPostprocessing = 0;
		};
/* End PBXCopyFilesBuildPhase section */

/* Begin PBXFileReference section */
		B1092611A99F67CD51BC0432 /* zashboard */ = {isa = PBXFileReference; includeInIndex = 1; lastKnownFileType = folder; name = zashboard; path = ThirdParty/zashboard; sourceTree = SOURCE_ROOT; };
		BCB3DC7EF6593BF3DF279D76 /* libresolv.tbd */ = {isa = PBXFileReference; includeInIndex = 1; lastKnownFileType = "sourcecode.text-based-dylib-definition"; name = libresolv.tbd; path = usr/lib/libresolv.tbd; sourceTree = SDKROOT; };
		CBF1F7AA2FB3161D00D91BE7 /* Everywhere.app */ = {isa = PBXFileReference; explicitFileType = wrapper.application; includeInIndex = 0; path = Everywhere.app; sourceTree = BUILT_PRODUCTS_DIR; };
		CBF1F7BC2FB3163E00D91BE7 /* EverywhereNE.appex */ = {isa = PBXFileReference; explicitFileType = "wrapper.app-extension"; includeInIndex = 0; path = EverywhereNE.appex; sourceTree = BUILT_PRODUCTS_DIR; };
		CBF1F7BE2FB3163E00D91BE7 /* NetworkExtension.framework */ = {isa = PBXFileReference; lastKnownFileType = wrapper.framework; name = NetworkExtension.framework; path = System/Library/Frameworks/NetworkExtension.framework; sourceTree = SDKROOT; };
/* End PBXFileReference section */

/* Begin PBXFileSystemSynchronizedBuildFileExceptionSet section */
		CBF1F7C82FB3163E00D91BE7 /* Exceptions for "EverywhereNE" folder in "EverywhereNE" target */ = {
			isa = PBXFileSystemSynchronizedBuildFileExceptionSet;
			membershipExceptions = (
				Info.plist,
			);
			target = CBF1F7BB2FB3163E00D91BE7 /* EverywhereNE */;
		};
		CBF1F7CE2FB3163E00D91BE7 /* Exceptions for "Everywhere" folder in "Everywhere" target */ = {
			isa = PBXFileSystemSynchronizedBuildFileExceptionSet;
			membershipExceptions = (
				Info.plist,
			);
			target = CBF1F7A92FB3161C00D91BE7 /* Everywhere */;
		};
/* End PBXFileSystemSynchronizedBuildFileExceptionSet section */

/* Begin PBXFileSystemSynchronizedRootGroup section */
		3BAA08BE3B06CD87400B3937 /* Shared */ = {
			isa = PBXFileSystemSynchronizedRootGroup;
			path = Shared;
			sourceTree = "<group>";
		};
		CBF1F7AC2FB3161D00D91BE7 /* Everywhere */ = {
			isa = PBXFileSystemSynchronizedRootGroup;
			exceptions = (
				CBF1F7CE2FB3163E00D91BE7 /* Exceptions for "Everywhere" folder in "Everywhere" target */,
			);
			path = Everywhere;
			sourceTree = "<group>";
		};
		CBF1F7C02FB3163E00D91BE7 /* EverywhereNE */ = {
			isa = PBXFileSystemSynchronizedRootGroup;
			exceptions = (
				CBF1F7C82FB3163E00D91BE7 /* Exceptions for "EverywhereNE" folder in "EverywhereNE" target */,
			);
			path = EverywhereNE;
			sourceTree = "<group>";
		};
/* End PBXFileSystemSynchronizedRootGroup section */

/* Begin PBXFrameworksBuildPhase section */
		CBF1F7A72FB3161C00D91BE7 /* Frameworks */ = {
			isa = PBXFrameworksBuildPhase;
			buildActionMask = 2147483647;
			files = (
				E0AF6A44647E41D5A1B31569 /* libresolv.tbd in Frameworks */,
				CB1BEA6A2FB3404400CD736B /* CodeEditSourceEditor in Frameworks */,
				FB4F74E34BCB09FD5F92C36D /* EverywhereCore in Frameworks */,
			);
			runOnlyForDeploymentPostprocessing = 0;
		};
		CBF1F7B92FB3163E00D91BE7 /* Frameworks */ = {
			isa = PBXFrameworksBuildPhase;
			buildActionMask = 2147483647;
			files = (
				CBF1F7BF2FB3163E00D91BE7 /* NetworkExtension.framework in Frameworks */,
				D46E211EFE1A5B33A02A1FB8 /* libresolv.tbd in Frameworks */,
				B93EA383549F0F75BC35BF80 /* EverywhereCore in Frameworks */,
			);
			runOnlyForDeploymentPostprocessing = 0;
		};
/* End PBXFrameworksBuildPhase section */

/* Begin PBXGroup section */
		CBF1F7A12FB3161C00D91BE7 = {
			isa = PBXGroup;
			children = (
				3BAA08BE3B06CD87400B3937 /* Shared */,
				CBF1F7AC2FB3161D00D91BE7 /* Everywhere */,
				CBF1F7C02FB3163E00D91BE7 /* EverywhereNE */,
				CBF1F7BD2FB3163E00D91BE7 /* Frameworks */,
				CBF1F7AB2FB3161D00D91BE7 /* Products */,
				B1092611A99F67CD51BC0432 /* zashboard */,
			);
			sourceTree = "<group>";
		};
		CBF1F7AB2FB3161D00D91BE7 /* Products */ = {
			isa = PBXGroup;
			children = (
				CBF1F7AA2FB3161D00D91BE7 /* Everywhere.app */,
				CBF1F7BC2FB3163E00D91BE7 /* EverywhereNE.appex */,
			);
			name = Products;
			sourceTree = "<group>";
		};
		CBF1F7BD2FB3163E00D91BE7 /* Frameworks */ = {
			isa = PBXGroup;
			children = (
				CBF1F7BE2FB3163E00D91BE7 /* NetworkExtension.framework */,
				BCB3DC7EF6593BF3DF279D76 /* libresolv.tbd */,
			);
			name = Frameworks;
			sourceTree = "<group>";
		};
/* End PBXGroup section */

/* Begin PBXNativeTarget section */
		CBF1F7A92FB3161C00D91BE7 /* Everywhere */ = {
			isa = PBXNativeTarget;
			buildConfigurationList = CBF1F7B52FB3161E00D91BE7 /* Build configuration list for PBXNativeTarget "Everywhere" */;
			buildPhases = (
				CBF1F7A62FB3161C00D91BE7 /* Sources */,
				CBF1F7A72FB3161C00D91BE7 /* Frameworks */,
				CBF1F7A82FB3161C00D91BE7 /* Resources */,
				CBF1F7CC2FB3163E00D91BE7 /* Embed Foundation Extensions */,
			);
			buildRules = (
			);
			dependencies = (
				CBF1F7C62FB3163E00D91BE7 /* PBXTargetDependency */,
			);
			fileSystemSynchronizedGroups = (
				3BAA08BE3B06CD87400B3937 /* Shared */,
				CBF1F7AC2FB3161D00D91BE7 /* Everywhere */,
			);
			name = Everywhere;
			packageProductDependencies = (
				CB1BEA692FB3404400CD736B /* CodeEditSourceEditor */,
				B9633A3ACB68B3AB05BDBF77 /* EverywhereCore */,
			);
			productName = Everywhere;
			productReference = CBF1F7AA2FB3161D00D91BE7 /* Everywhere.app */;
			productType = "com.apple.product-type.application";
		};
		CBF1F7BB2FB3163E00D91BE7 /* EverywhereNE */ = {
			isa = PBXNativeTarget;
			buildConfigurationList = CBF1F7C92FB3163E00D91BE7 /* Build configuration list for PBXNativeTarget "EverywhereNE" */;
			buildPhases = (
				CBF1F7B82FB3163E00D91BE7 /* Sources */,
				CBF1F7B92FB3163E00D91BE7 /* Frameworks */,
				CBF1F7BA2FB3163E00D91BE7 /* Resources */,
			);
			buildRules = (
			);
			dependencies = (
			);
			fileSystemSynchronizedGroups = (
				3BAA08BE3B06CD87400B3937 /* Shared */,
				CBF1F7C02FB3163E00D91BE7 /* EverywhereNE */,
			);
			name = EverywhereNE;
			packageProductDependencies = (
				34BEB8398CA45C4A20EC5AEC /* EverywhereCore */,
			);
			productName = EverywhereNE;
			productReference = CBF1F7BC2FB3163E00D91BE7 /* EverywhereNE.appex */;
			productType = "com.apple.product-type.app-extension";
		};
/* End PBXNativeTarget section */

/* Begin PBXProject section */
		CBF1F7A22FB3161C00D91BE7 /* Project object */ = {
			isa = PBXProject;
			attributes = {
				BuildIndependentTargetsInParallel = 1;
				LastSwiftUpdateCheck = 2600;
				LastUpgradeCheck = 2650;
				TargetAttributes = {
					CBF1F7A92FB3161C00D91BE7 = {
						CreatedOnToolsVersion = 26.0;
					};
					CBF1F7BB2FB3163E00D91BE7 = {
						CreatedOnToolsVersion = 26.0;
					};
				};
			};
			buildConfigurationList = CBF1F7A52FB3161C00D91BE7 /* Build configuration list for PBXProject "Everywhere" */;
			developmentRegion = en;
			hasScannedForEncodings = 0;
			knownRegions = (
				en,
				Base,
			);
			mainGroup = CBF1F7A12FB3161C00D91BE7;
			minimizedProjectReferenceProxies = 1;
			packageReferences = (
				CB1BEA682FB3404400CD736B /* XCRemoteSwiftPackageReference "CodeEditSourceEditor" */,
				9CB6780EADAC28B1365FAF7D /* XCRemoteSwiftPackageReference "EverywhereCore" */,
			);
			preferredProjectObjectVersion = 77;
			productRefGroup = CBF1F7AB2FB3161D00D91BE7 /* Products */;
			projectDirPath = "";
			projectRoot = "";
			targets = (
				CBF1F7A92FB3161C00D91BE7 /* Everywhere */,
				CBF1F7BB2FB3163E00D91BE7 /* EverywhereNE */,
			);
		};
/* End PBXProject section */

/* Begin PBXResourcesBuildPhase section */
		CBF1F7A82FB3161C00D91BE7 /* Resources */ = {
			isa = PBXResourcesBuildPhase;
			buildActionMask = 2147483647;
			files = (
				F9357A5FBB147A31AFCA9C4C /* zashboard in Resources */,
			);
			runOnlyForDeploymentPostprocessing = 0;
		};
		CBF1F7BA2FB3163E00D91BE7 /* Resources */ = {
			isa = PBXResourcesBuildPhase;
			buildActionMask = 2147483647;
			files = (
			);
			runOnlyForDeploymentPostprocessing = 0;
		};
/* End PBXResourcesBuildPhase section */

/* Begin PBXSourcesBuildPhase section */
		CBF1F7A62FB3161C00D91BE7 /* Sources */ = {
			isa = PBXSourcesBuildPhase;
			buildActionMask = 2147483647;
			files = (
			);
			runOnlyForDeploymentPostprocessing = 0;
		};
		CBF1F7B82FB3163E00D91BE7 /* Sources */ = {
			isa = PBXSourcesBuildPhase;
			buildActionMask = 2147483647;
			files = (
			);
			runOnlyForDeploymentPostprocessing = 0;
		};
/* End PBXSourcesBuildPhase section */

/* Begin PBXTargetDependency section */
		CBF1F7C62FB3163E00D91BE7 /* PBXTargetDependency */ = {
			isa = PBXTargetDependency;
			target = CBF1F7BB2FB3163E00D91BE7 /* EverywhereNE */;
			targetProxy = CBF1F7C52FB3163E00D91BE7 /* PBXContainerItemProxy */;
		};
/* End PBXTargetDependency section */

/* Begin XCBuildConfiguration section */
		CBF1F7B32FB3161E00D91BE7 /* Debug */ = {
			isa = XCBuildConfiguration;
			buildSettings = {
				ALWAYS_SEARCH_USER_PATHS = NO;
				ASSETCATALOG_COMPILER_GENERATE_SWIFT_ASSET_SYMBOL_EXTENSIONS = YES;
				CLANG_ANALYZER_NONNULL = YES;
				CLANG_ANALYZER_NUMBER_OBJECT_CONVERSION = YES_AGGRESSIVE;
				CLANG_CXX_LANGUAGE_STANDARD = "gnu++20";
				CLANG_ENABLE_MODULES = YES;
				CLANG_ENABLE_OBJC_ARC = YES;
				CLANG_ENABLE_OBJC_WEAK = YES;
				CLANG_WARN_BLOCK_CAPTURE_AUTORELEASING = YES;
				CLANG_WARN_BOOL_CONVERSION = YES;
				CLANG_WARN_COMMA = YES;
				CLANG_WARN_CONSTANT_CONVERSION = YES;
				CLANG_WARN_DEPRECATED_OBJC_IMPLEMENTATIONS = YES;
				CLANG_WARN_DIRECT_OBJC_ISA_USAGE = YES_ERROR;
				CLANG_WARN_DOCUMENTATION_COMMENTS = YES;
				CLANG_WARN_EMPTY_BODY = YES;
				CLANG_WARN_ENUM_CONVERSION = YES;
				CLANG_WARN_INFINITE_RECURSION = YES;
				CLANG_WARN_INT_CONVERSION = YES;
				CLANG_WARN_NON_LITERAL_NULL_CONVERSION = YES;
				CLANG_WARN_OBJC_IMPLICIT_RETAIN_SELF = YES;
				CLANG_WARN_OBJC_LITERAL_CONVERSION = YES;
				CLANG_WARN_OBJC_ROOT_CLASS = YES_ERROR;
				CLANG_WARN_QUOTED_INCLUDE_IN_FRAMEWORK_HEADER = YES;
				CLANG_WARN_RANGE_LOOP_ANALYSIS = YES;
				CLANG_WARN_STRICT_PROTOTYPES = YES;
				CLANG_WARN_SUSPICIOUS_MOVE = YES;
				CLANG_WARN_UNGUARDED_AVAILABILITY = YES_AGGRESSIVE;
				CLANG_WARN_UNREACHABLE_CODE = YES;
				CLANG_WARN__DUPLICATE_METHOD_MATCH = YES;
				COPY_PHASE_STRIP = NO;
				DEAD_CODE_STRIPPING = YES;
				DEBUG_INFORMATION_FORMAT = dwarf;
				DEVELOPMENT_TEAM = C7AS5D38Q8;
				ENABLE_STRICT_OBJC_MSGSEND = YES;
				ENABLE_TESTABILITY = YES;
				ENABLE_USER_SCRIPT_SANDBOXING = YES;
				GCC_C_LANGUAGE_STANDARD = gnu17;
				GCC_DYNAMIC_NO_PIC = NO;
				GCC_NO_COMMON_BLOCKS = YES;
				GCC_OPTIMIZATION_LEVEL = 0;
				GCC_PREPROCESSOR_DEFINITIONS = (
					"DEBUG=1",
					"$(inherited)",
				);
				GCC_WARN_64_TO_32_BIT_CONVERSION = YES;
				GCC_WARN_ABOUT_RETURN_TYPE = YES_ERROR;
				GCC_WARN_UNDECLARED_SELECTOR = YES;
				GCC_WARN_UNINITIALIZED_AUTOS = YES_AGGRESSIVE;
				GCC_WARN_UNUSED_FUNCTION = YES;
				GCC_WARN_UNUSED_VARIABLE = YES;
				LOCALIZATION_PREFERS_STRING_CATALOGS = YES;
				MACOSX_DEPLOYMENT_TARGET = 14.0;
				MTL_ENABLE_DEBUG_INFO = INCLUDE_SOURCE;
				MTL_FAST_MATH = YES;
				ONLY_ACTIVE_ARCH = YES;
				SDKROOT = macosx;
				STRING_CATALOG_GENERATE_SYMBOLS = YES;
				SWIFT_ACTIVE_COMPILATION_CONDITIONS = "DEBUG $(inherited)";
				SWIFT_OPTIMIZATION_LEVEL = "-Onone";
			};
			name = Debug;
		};
		CBF1F7B42FB3161E00D91BE7 /* Release */ = {
			isa = XCBuildConfiguration;
			buildSettings = {
				ALWAYS_SEARCH_USER_PATHS = NO;
				ASSETCATALOG_COMPILER_GENERATE_SWIFT_ASSET_SYMBOL_EXTENSIONS = YES;
				CLANG_ANALYZER_NONNULL = YES;
				CLANG_ANALYZER_NUMBER_OBJECT_CONVERSION = YES_AGGRESSIVE;
				CLANG_CXX_LANGUAGE_STANDARD = "gnu++20";
				CLANG_ENABLE_MODULES = YES;
				CLANG_ENABLE_OBJC_ARC = YES;
				CLANG_ENABLE_OBJC_WEAK = YES;
				CLANG_WARN_BLOCK_CAPTURE_AUTORELEASING = YES;
				CLANG_WARN_BOOL_CONVERSION = YES;
				CLANG_WARN_COMMA = YES;
				CLANG_WARN_CONSTANT_CONVERSION = YES;
				CLANG_WARN_DEPRECATED_OBJC_IMPLEMENTATIONS = YES;
				CLANG_WARN_DIRECT_OBJC_ISA_USAGE = YES_ERROR;
				CLANG_WARN_DOCUMENTATION_COMMENTS = YES;
				CLANG_WARN_EMPTY_BODY = YES;
				CLANG_WARN_ENUM_CONVERSION = YES;
				CLANG_WARN_INFINITE_RECURSION = YES;
				CLANG_WARN_INT_CONVERSION = YES;
				CLANG_WARN_NON_LITERAL_NULL_CONVERSION = YES;
				CLANG_WARN_OBJC_IMPLICIT_RETAIN_SELF = YES;
				CLANG_WARN_OBJC_LITERAL_CONVERSION = YES;
				CLANG_WARN_OBJC_ROOT_CLASS = YES_ERROR;
				CLANG_WARN_QUOTED_INCLUDE_IN_FRAMEWORK_HEADER = YES;
				CLANG_WARN_RANGE_LOOP_ANALYSIS = YES;
				CLANG_WARN_STRICT_PROTOTYPES = YES;
				CLANG_WARN_SUSPICIOUS_MOVE = YES;
				CLANG_WARN_UNGUARDED_AVAILABILITY = YES_AGGRESSIVE;
				CLANG_WARN_UNREACHABLE_CODE = YES;
				CLANG_WARN__DUPLICATE_METHOD_MATCH = YES;
				COPY_PHASE_STRIP = NO;
				DEAD_CODE_STRIPPING = YES;
				DEBUG_INFORMATION_FORMAT = "dwarf-with-dsym";
				DEVELOPMENT_TEAM = C7AS5D38Q8;
				ENABLE_NS_ASSERTIONS = NO;
				ENABLE_STRICT_OBJC_MSGSEND = YES;
				ENABLE_USER_SCRIPT_SANDBOXING = YES;
				GCC_C_LANGUAGE_STANDARD = gnu17;
				GCC_NO_COMMON_BLOCKS = YES;
				GCC_WARN_64_TO_32_BIT_CONVERSION = YES;
				GCC_WARN_ABOUT_RETURN_TYPE = YES_ERROR;
				GCC_WARN_UNDECLARED_SELECTOR = YES;
				GCC_WARN_UNINITIALIZED_AUTOS = YES_AGGRESSIVE;
				GCC_WARN_UNUSED_FUNCTION = YES;
				GCC_WARN_UNUSED_VARIABLE = YES;
				LOCALIZATION_PREFERS_STRING_CATALOGS = YES;
				MACOSX_DEPLOYMENT_TARGET = 14.0;
				MTL_ENABLE_DEBUG_INFO = NO;
				MTL_FAST_MATH = YES;
				SDKROOT = macosx;
				STRING_CATALOG_GENERATE_SYMBOLS = YES;
				SWIFT_COMPILATION_MODE = wholemodule;
			};
			name = Release;
		};
		CBF1F7B62FB3161E00D91BE7 /* Debug */ = {
			isa = XCBuildConfiguration;
			buildSettings = {
				ASSETCATALOG_COMPILER_APPICON_NAME = AppIcon;
				ASSETCATALOG_COMPILER_GLOBAL_ACCENT_COLOR_NAME = AccentColor;
				CODE_SIGN_ENTITLEMENTS = Everywhere/Everywhere.entitlements;
				CODE_SIGN_STYLE = Automatic;
				COMBINE_HIDPI_IMAGES = YES;
				CURRENT_PROJECT_VERSION = 5;
				DEAD_CODE_STRIPPING = YES;
				DEVELOPMENT_TEAM = C7AS5D38Q8;
				ENABLE_APP_SANDBOX = YES;
				ENABLE_HARDENED_RUNTIME = YES;
				ENABLE_INCOMING_NETWORK_CONNECTIONS = NO;
				ENABLE_OUTGOING_NETWORK_CONNECTIONS = YES;
				ENABLE_PREVIEWS = YES;
				ENABLE_RESOURCE_ACCESS_AUDIO_INPUT = NO;
				ENABLE_RESOURCE_ACCESS_BLUETOOTH = NO;
				ENABLE_RESOURCE_ACCESS_CALENDARS = NO;
				ENABLE_RESOURCE_ACCESS_CAMERA = NO;
				ENABLE_RESOURCE_ACCESS_CONTACTS = NO;
				ENABLE_RESOURCE_ACCESS_LOCATION = NO;
				ENABLE_RESOURCE_ACCESS_PRINTING = NO;
				ENABLE_RESOURCE_ACCESS_USB = NO;
				ENABLE_USER_SELECTED_FILES = readonly;
				GENERATE_INFOPLIST_FILE = YES;
				INFOPLIST_FILE = Everywhere/Info.plist;
				INFOPLIST_KEY_CFBundleDisplayName = Everywhere;
				INFOPLIST_KEY_ITSAppUsesNonExemptEncryption = NO;
				INFOPLIST_KEY_LSApplicationCategoryType = "public.app-category.utilities";
				INFOPLIST_KEY_NSHumanReadableCopyright = "";
				LD_RUNPATH_SEARCH_PATHS = (
					"$(inherited)",
					"@executable_path/../Frameworks",
				);
				MACOSX_DEPLOYMENT_TARGET = 14.0;
				MARKETING_VERSION = 1.1;
				PRODUCT_BUNDLE_IDENTIFIER = com.argsment.Everywhere;
				PRODUCT_NAME = "$(TARGET_NAME)";
				REGISTER_APP_GROUPS = YES;
				STRING_CATALOG_GENERATE_SYMBOLS = YES;
				SWIFT_APPROACHABLE_CONCURRENCY = YES;
				SWIFT_DEFAULT_ACTOR_ISOLATION = MainActor;
				SWIFT_EMIT_LOC_STRINGS = YES;
				SWIFT_UPCOMING_FEATURE_MEMBER_IMPORT_VISIBILITY = YES;
				SWIFT_VERSION = 5.0;
			};
			name = Debug;
		};
		CBF1F7B72FB3161E00D91BE7 /* Release */ = {
			isa = XCBuildConfiguration;
			buildSettings = {
				ASSETCATALOG_COMPILER_APPICON_NAME = AppIcon;
				ASSETCATALOG_COMPILER_GLOBAL_ACCENT_COLOR_NAME = AccentColor;
				CODE_SIGN_ENTITLEMENTS = Everywhere/Everywhere.entitlements;
				CODE_SIGN_STYLE = Automatic;
				COMBINE_HIDPI_IMAGES = YES;
				CURRENT_PROJECT_VERSION = 5;
				DEAD_CODE_STRIPPING = YES;
				DEVELOPMENT_TEAM = C7AS5D38Q8;
				ENABLE_APP_SANDBOX = YES;
				ENABLE_HARDENED_RUNTIME = YES;
				ENABLE_INCOMING_NETWORK_CONNECTIONS = NO;
				ENABLE_OUTGOING_NETWORK_CONNECTIONS = YES;
				ENABLE_PREVIEWS = YES;
				ENABLE_RESOURCE_ACCESS_AUDIO_INPUT = NO;
				ENABLE_RESOURCE_ACCESS_BLUETOOTH = NO;
				ENABLE_RESOURCE_ACCESS_CALENDARS = NO;
				ENABLE_RESOURCE_ACCESS_CAMERA = NO;
				ENABLE_RESOURCE_ACCESS_CONTACTS = NO;
				ENABLE_RESOURCE_ACCESS_LOCATION = NO;
				ENABLE_RESOURCE_ACCESS_PRINTING = NO;
				ENABLE_RESOURCE_ACCESS_USB = NO;
				ENABLE_USER_SELECTED_FILES = readonly;
				GENERATE_INFOPLIST_FILE = YES;
				INFOPLIST_FILE = Everywhere/Info.plist;
				INFOPLIST_KEY_CFBundleDisplayName = Everywhere;
				INFOPLIST_KEY_ITSAppUsesNonExemptEncryption = NO;
				INFOPLIST_KEY_LSApplicationCategoryType = "public.app-category.utilities";
				INFOPLIST_KEY_NSHumanReadableCopyright = "";
				LD_RUNPATH_SEARCH_PATHS = (
					"$(inherited)",
					"@executable_path/../Frameworks",
				);
				MACOSX_DEPLOYMENT_TARGET = 14.0;
				MARKETING_VERSION = 1.1;
				PRODUCT_BUNDLE_IDENTIFIER = com.argsment.Everywhere;
				PRODUCT_NAME = "$(TARGET_NAME)";
				REGISTER_APP_GROUPS = YES;
				STRING_CATALOG_GENERATE_SYMBOLS = YES;
				SWIFT_APPROACHABLE_CONCURRENCY = YES;
				SWIFT_DEFAULT_ACTOR_ISOLATION = MainActor;
				SWIFT_EMIT_LOC_STRINGS = YES;
				SWIFT_UPCOMING_FEATURE_MEMBER_IMPORT_VISIBILITY = YES;
				SWIFT_VERSION = 5.0;
			};
			name = Release;
		};
		CBF1F7CA2FB3163E00D91BE7 /* Debug */ = {
			isa = XCBuildConfiguration;
			buildSettings = {
				CODE_SIGN_ENTITLEMENTS = EverywhereNE/EverywhereNE.entitlements;
				CODE_SIGN_STYLE = Automatic;
				CURRENT_PROJECT_VERSION = 5;
				DEAD_CODE_STRIPPING = YES;
				DEVELOPMENT_TEAM = C7AS5D38Q8;
				ENABLE_APP_SANDBOX = YES;
				ENABLE_HARDENED_RUNTIME = YES;
				ENABLE_INCOMING_NETWORK_CONNECTIONS = YES;
				ENABLE_OUTGOING_NETWORK_CONNECTIONS = YES;
				ENABLE_RESOURCE_ACCESS_AUDIO_INPUT = NO;
				ENABLE_RESOURCE_ACCESS_BLUETOOTH = NO;
				ENABLE_RESOURCE_ACCESS_CALENDARS = NO;
				ENABLE_RESOURCE_ACCESS_CAMERA = NO;
				ENABLE_RESOURCE_ACCESS_CONTACTS = NO;
				ENABLE_RESOURCE_ACCESS_LOCATION = NO;
				ENABLE_RESOURCE_ACCESS_PRINTING = NO;
				ENABLE_RESOURCE_ACCESS_USB = NO;
				GENERATE_INFOPLIST_FILE = YES;
				INFOPLIST_FILE = EverywhereNE/Info.plist;
				INFOPLIST_KEY_CFBundleDisplayName = EverywhereNE;
				INFOPLIST_KEY_NSHumanReadableCopyright = "";
				LD_RUNPATH_SEARCH_PATHS = (
					"$(inherited)",
					"@executable_path/../Frameworks",
					"@executable_path/../../../../Frameworks",
				);
				MACOSX_DEPLOYMENT_TARGET = 14.0;
				MARKETING_VERSION = 1.1;
				PRODUCT_BUNDLE_IDENTIFIER = com.argsment.Everywhere.EverywhereNE;
				PRODUCT_NAME = "$(TARGET_NAME)";
				REGISTER_APP_GROUPS = YES;
				SKIP_INSTALL = YES;
				STRING_CATALOG_GENERATE_SYMBOLS = YES;
				SWIFT_APPROACHABLE_CONCURRENCY = YES;
				SWIFT_EMIT_LOC_STRINGS = YES;
				SWIFT_UPCOMING_FEATURE_MEMBER_IMPORT_VISIBILITY = YES;
				SWIFT_VERSION = 5.0;
			};
			name = Debug;
		};
		CBF1F7CB2FB3163E00D91BE7 /* Release */ = {
			isa = XCBuildConfiguration;
			buildSettings = {
				CODE_SIGN_ENTITLEMENTS = EverywhereNE/EverywhereNE.entitlements;
				CODE_SIGN_STYLE = Automatic;
				CURRENT_PROJECT_VERSION = 5;
				DEAD_CODE_STRIPPING = YES;
				DEVELOPMENT_TEAM = C7AS5D38Q8;
				ENABLE_APP_SANDBOX = YES;
				ENABLE_HARDENED_RUNTIME = YES;
				ENABLE_INCOMING_NETWORK_CONNECTIONS = YES;
				ENABLE_OUTGOING_NETWORK_CONNECTIONS = YES;
				ENABLE_RESOURCE_ACCESS_AUDIO_INPUT = NO;
				ENABLE_RESOURCE_ACCESS_BLUETOOTH = NO;
				ENABLE_RESOURCE_ACCESS_CALENDARS = NO;
				ENABLE_RESOURCE_ACCESS_CAMERA = NO;
				ENABLE_RESOURCE_ACCESS_CONTACTS = NO;
				ENABLE_RESOURCE_ACCESS_LOCATION = NO;
				ENABLE_RESOURCE_ACCESS_PRINTING = NO;
				ENABLE_RESOURCE_ACCESS_USB = NO;
				GENERATE_INFOPLIST_FILE = YES;
				INFOPLIST_FILE = EverywhereNE/Info.plist;
				INFOPLIST_KEY_CFBundleDisplayName = EverywhereNE;
				INFOPLIST_KEY_NSHumanReadableCopyright = "";
				LD_RUNPATH_SEARCH_PATHS = (
					"$(inherited)",
					"@executable_path/../Frameworks",
					"@executable_path/../../../../Frameworks",
				);
				MACOSX_DEPLOYMENT_TARGET = 14.0;
				MARKETING_VERSION = 1.1;
				PRODUCT_BUNDLE_IDENTIFIER = com.argsment.Everywhere.EverywhereNE;
				PRODUCT_NAME = "$(TARGET_NAME)";
				REGISTER_APP_GROUPS = YES;
				SKIP_INSTALL = YES;
				STRING_CATALOG_GENERATE_SYMBOLS = YES;
				SWIFT_APPROACHABLE_CONCURRENCY = YES;
				SWIFT_EMIT_LOC_STRINGS = YES;
				SWIFT_UPCOMING_FEATURE_MEMBER_IMPORT_VISIBILITY = YES;
				SWIFT_VERSION = 5.0;
			};
			name = Release;
		};
/* End XCBuildConfiguration section */

/* Begin XCConfigurationList section */
		CBF1F7A52FB3161C00D91BE7 /* Build configuration list for PBXProject "Everywhere" */ = {
			isa = XCConfigurationList;
			buildConfigurations = (
				CBF1F7B32FB3161E00D91BE7 /* Debug */,
				CBF1F7B42FB3161E00D91BE7 /* Release */,
			);
			defaultConfigurationIsVisible = 0;
			defaultConfigurationName = Release;
		};
		CBF1F7B52FB3161E00D91BE7 /* Build configuration list for PBXNativeTarget "Everywhere" */ = {
			isa = XCConfigurationList;
			buildConfigurations = (
				CBF1F7B62FB3161E00D91BE7 /* Debug */,
				CBF1F7B72FB3161E00D91BE7 /* Release */,
			);
			defaultConfigurationIsVisible = 0;
			defaultConfigurationName = Release;
		};
		CBF1F7C92FB3163E00D91BE7 /* Build configuration list for PBXNativeTarget "EverywhereNE" */ = {
			isa = XCConfigurationList;
			buildConfigurations = (
				CBF1F7CA2FB3163E00D91BE7 /* Debug */,
				CBF1F7CB2FB3163E00D91BE7 /* Release */,
			);
			defaultConfigurationIsVisible = 0;
			defaultConfigurationName = Release;
		};
/* End XCConfigurationList section */

/* Begin XCRemoteSwiftPackageReference section */
		9CB6780EADAC28B1365FAF7D /* XCRemoteSwiftPackageReference "EverywhereCore" */ = {
			isa = XCRemoteSwiftPackageReference;
			repositoryURL = "https://github.com/NodePassProject/EverywhereCore";
			requirement = {
				kind = upToNextMajorVersion;
				minimumVersion = 2026.05.18;
			};
		};
		CB1BEA682FB3404400CD736B /* XCRemoteSwiftPackageReference "CodeEditSourceEditor" */ = {
			isa = XCRemoteSwiftPackageReference;
			repositoryURL = "https://github.com/CodeEditApp/CodeEditSourceEditor.git";
			requirement = {
				kind = upToNextMajorVersion;
				minimumVersion = 0.15.2;
			};
		};
/* End XCRemoteSwiftPackageReference section */

/* Begin XCSwiftPackageProductDependency section */
		34BEB8398CA45C4A20EC5AEC /* EverywhereCore */ = {
			isa = XCSwiftPackageProductDependency;
			package = 9CB6780EADAC28B1365FAF7D /* XCRemoteSwiftPackageReference "EverywhereCore" */;
			productName = EverywhereCore;
		};
		B9633A3ACB68B3AB05BDBF77 /* EverywhereCore */ = {
			isa = XCSwiftPackageProductDependency;
			package = 9CB6780EADAC28B1365FAF7D /* XCRemoteSwiftPackageReference "EverywhereCore" */;
			productName = EverywhereCore;
		};
		CB1BEA692FB3404400CD736B /* CodeEditSourceEditor */ = {
			isa = XCSwiftPackageProductDependency;
			package = CB1BEA682FB3404400CD736B /* XCRemoteSwiftPackageReference "CodeEditSourceEditor" */;
			productName = CodeEditSourceEditor;
		};
/* End XCSwiftPackageProductDependency section */
	};
	rootObject = CBF1F7A22FB3161C00D91BE7 /* Project object */;
}
